
Microsoft Visual Studio Solution File, Format Version 11.00
# Visual Studio 2010
Project("{FAE04EC0-301F-11D3-BF4B-00C04F79EFBC}") = "UnityEditor.UI", "UnityEditor.UI.csproj", "{956af9ec-8d10-0d7d-c5cd-d3e29689fa86}"
EndProject
Project("{FAE04EC0-301F-11D3-BF4B-00C04F79EFBC}") = "UnityEngine.UI", "UnityEngine.UI.csproj", "{256c9beb-d099-97b6-ee95-28ef3198657c}"
EndProject
Project("{FAE04EC0-301F-11D3-BF4B-00C04F79EFBC}") = "Assembly-CSharp", "Assembly-CSharp.csproj", "{7d00f1c9-1bf9-1fcb-ba34-3bf50ec23bb3}"
EndProject
Project("{FAE04EC0-301F-11D3-BF4B-00C04F79EFBC}") = "UnityEngine.UI.Tests", "UnityEngine.UI.Tests.csproj", "{ef5eddfe-8f9a-15a9-1543-70a8521b1422}"
EndProject
Project("{FAE04EC0-301F-11D3-BF4B-00C04F79EFBC}") = "UnityEditor.UI.EditorTests", "UnityEditor.UI.EditorTests.csproj", "{046fbbc4-bf7d-c994-44cf-7e2f4e872525}"
EndProject
Global
	GlobalSection(SolutionConfigurationPlatforms) = preSolution
		Debug|Any CPU = Debug|Any CPU
	EndGlobalSection
	GlobalSection(ProjectConfigurationPlatforms) = postSolution
		{956af9ec-8d10-0d7d-c5cd-d3e29689fa86}.Debug|Any CPU.ActiveCfg = Debug|Any CPU
		{956af9ec-8d10-0d7d-c5cd-d3e29689fa86}.Debug|Any CPU.Build.0 = Debug|Any CPU
		{256c9beb-d099-97b6-ee95-28ef3198657c}.Debug|Any CPU.ActiveCfg = Debug|Any CPU
		{256c9beb-d099-97b6-ee95-28ef3198657c}.Debug|Any CPU.Build.0 = Debug|Any CPU
		{7d00f1c9-1bf9-1fcb-ba34-3bf50ec23bb3}.Debug|Any CPU.ActiveCfg = Debug|Any CPU
		{7d00f1c9-1bf9-1fcb-ba34-3bf50ec23bb3}.Debug|Any CPU.Build.0 = Debug|Any CPU
		{ef5eddfe-8f9a-15a9-1543-70a8521b1422}.Debug|Any CPU.ActiveCfg = Debug|Any CPU
		{ef5eddfe-8f9a-15a9-1543-70a8521b1422}.Debug|Any CPU.Build.0 = Debug|Any CPU
		{046fbbc4-bf7d-c994-44cf-7e2f4e872525}.Debug|Any CPU.ActiveCfg = Debug|Any CPU
		{046fbbc4-bf7d-c994-44cf-7e2f4e872525}.Debug|Any CPU.Build.0 = Debug|Any CPU
	EndGlobalSection
	GlobalSection(SolutionProperties) = preSolution
		HideSolutionNode = FALSE
	EndGlobalSection
EndGlobal
